
Microsoft Visual Studio Solution File, Format Version 12.00
# Visual Studio Version 17
VisualStudioVersion = 17.4.33205.214
MinimumVisualStudioVersion = 10.0.40219.1
Project("{FAE04EC0-301F-11D3-BF4B-00C04F79EFBC}") = "MovieDomain", "MovieDomain\MovieDomain.csproj", "{7204A2F4-07D9-49A3-B4A2-EA18F3B2CB27}"
EndProject
Project("{FAE04EC0-301F-11D3-BF4B-00C04F79EFBC}") = "MovieData", "MovieData\MovieData.csproj", "{99915FA3-6402-4573-84AB-2870422A000A}"
EndProject
Project("{FAE04EC0-301F-11D3-BF4B-00C04F79EFBC}") = "MovieAPIs", "MovieAPIs\MovieAPIs.csproj", "{F097DF81-1D68-46C5-A5CC-3E6DBD5A62A9}"
EndProject
Global
	GlobalSection(SolutionConfigurationPlatforms) = preSolution
		Debug|Any CPU = Debug|Any CPU
		Release|Any CPU = Release|Any CPU
	EndGlobalSection
	GlobalSection(ProjectConfigurationPlatforms) = postSolution
		{7204A2F4-07D9-49A3-B4A2-EA18F3B2CB27}.Debug|Any CPU.ActiveCfg = Debug|Any CPU
		{7204A2F4-07D9-49A3-B4A2-EA18F3B2CB27}.Debug|Any CPU.Build.0 = Debug|Any CPU
		{7204A2F4-07D9-49A3-B4A2-EA18F3B2CB27}.Release|Any CPU.ActiveCfg = Release|Any CPU
		{7204A2F4-07D9-49A3-B4A2-EA18F3B2CB27}.Release|Any CPU.Build.0 = Release|Any CPU
		{99915FA3-6402-4573-84AB-2870422A000A}.Debug|Any CPU.ActiveCfg = Debug|Any CPU
		{99915FA3-6402-4573-84AB-2870422A000A}.Debug|Any CPU.Build.0 = Debug|Any CPU
		{99915FA3-6402-4573-84AB-2870422A000A}.Release|Any CPU.ActiveCfg = Release|Any CPU
		{99915FA3-6402-4573-84AB-2870422A000A}.Release|Any CPU.Build.0 = Release|Any CPU
		{F097DF81-1D68-46C5-A5CC-3E6DBD5A62A9}.Debug|Any CPU.ActiveCfg = Debug|Any CPU
		{F097DF81-1D68-46C5-A5CC-3E6DBD5A62A9}.Debug|Any CPU.Build.0 = Debug|Any CPU
		{F097DF81-1D68-46C5-A5CC-3E6DBD5A62A9}.Release|Any CPU.ActiveCfg = Release|Any CPU
		{F097DF81-1D68-46C5-A5CC-3E6DBD5A62A9}.Release|Any CPU.Build.0 = Release|Any CPU
	EndGlobalSection
	GlobalSection(SolutionProperties) = preSolution
		HideSolutionNode = FALSE
	EndGlobalSection
	GlobalSection(ExtensibilityGlobals) = postSolution
		SolutionGuid = {EA03DF22-27DE-41BC-BE9C-9FD40FE4067A}
	EndGlobalSection
EndGlobal
